
Microsoft Visual Studio Solution File, Format Version 12.00
# Visual Studio Version 17
VisualStudioVersion = 17.9.34902.65
MinimumVisualStudioVersion = 10.0.40219.1
Project("{FAE04EC0-301F-11D3-BF4B-00C04F79EFBC}") = "MishnatYosef", "MishnatYosef\MishnatYosef.csproj", "{05544F5D-3C67-4973-8777-6DB959FDDD27}"
EndProject
Global
	GlobalSection(SolutionConfigurationPlatforms) = preSolution
		Debug|Any CPU = Debug|Any CPU
		Release|Any CPU = Release|Any CPU
	EndGlobalSection
	GlobalSection(ProjectConfigurationPlatforms) = postSolution
		{05544F5D-3C67-4973-8777-6DB959FDDD27}.Debug|Any CPU.ActiveCfg = Debug|Any CPU
		{05544F5D-3C67-4973-8777-6DB959FDDD27}.Debug|Any CPU.Build.0 = Debug|Any CPU
		{05544F5D-3C67-4973-8777-6DB959FDDD27}.Release|Any CPU.ActiveCfg = Release|Any CPU
		{05544F5D-3C67-4973-8777-6DB959FDDD27}.Release|Any CPU.Build.0 = Release|Any CPU
	EndGlobalSection
	GlobalSection(SolutionProperties) = preSolution
		HideSolutionNode = FALSE
	EndGlobalSection
	GlobalSection(ExtensibilityGlobals) = postSolution
		SolutionGuid = {B2A55645-DB8E-428F-B679-9F518D96B914}
	EndGlobalSection
EndGlobal
